// !$*UTF8*$!
{
	archiveVersion = 1;
	classes = {
	};
	objectVersion = 46;
	objects = {

/* Begin PBXBuildFile section */
		21E981891B45128E00A6D882 /* main.m in Sources */ = {isa = PBXBuildFile; fileRef = 21E981881B45128E00A6D882 /* main.m */; };
		21E9818C1B45128E00A6D882 /* AppDelegate.m in Sources */ = {isa = PBXBuildFile; fileRef = 21E9818B1B45128E00A6D882 /* AppDelegate.m */; };
		21E9818F1B45128E00A6D882 /* ViewController.m in Sources */ = {isa = PBXBuildFile; fileRef = 21E9818E1B45128E00A6D882 /* ViewController.m */; };
		21E981921B45128E00A6D882 /* Main.storyboard in Resources */ = {isa = PBXBuildFile; fileRef = 21E981901B45128E00A6D882 /* Main.storyboard */; };
		21E981941B45128E00A6D882 /* Images.xcassets in Resources */ = {isa = PBXBuildFile; fileRef = 21E981931B45128E00A6D882 /* Images.xcassets */; };
		21E981971B45128E00A6D882 /* LaunchScreen.xib in Resources */ = {isa = PBXBuildFile; fileRef = 21E981951B45128E00A6D882 /* LaunchScreen.xib */; };
		21E981A31B45128E00A6D882 /* RuntimeAttributesInterfaceBuilderDemoTests.m in Sources */ = {isa = PBXBuildFile; fileRef = 21E981A21B45128E00A6D882 /* RuntimeAttributesInterfaceBuilderDemoTests.m */; };
		21E981AE1B4516AB00A6D882 /* CALayer+Additions.m in Sources */ = {isa = PBXBuildFile; fileRef = 21E981AD1B4516AB00A6D882 /* CALayer+Additions.m */; };
		21E981B41B45287B00A6D882 /* RunTimeCustomView.m in Sources */ = {isa = PBXBuildFile; fileRef = 21E981B31B45287B00A6D882 /* RunTimeCustomView.m */; };
/* End PBXBuildFile section */

/* Begin PBXContainerItemProxy section */
		21E9819D1B45128E00A6D882 /* PBXContainerItemProxy */ = {
			isa = PBXContainerItemProxy;
			containerPortal = 21E9817B1B45128E00A6D882 /* Project object */;
			proxyType = 1;
			remoteGlobalIDString = 21E981821B45128E00A6D882;
			remoteInfo = RuntimeAttributesInterfaceBuilderDemo;
		};
/* End PBXContainerItemProxy section */

/* Begin PBXFileReference section */
		21E981831B45128E00A6D882 /* RuntimeAttributesInterfaceBuilderDemo.app */ = {isa = PBXFileReference; explicitFileType = wrapper.application; includeInIndex = 0; path = RuntimeAttributesInterfaceBuilderDemo.app; sourceTree = BUILT_PRODUCTS_DIR; };
		21E981871B45128E00A6D882 /* Info.plist */ = {isa = PBXFileReference; lastKnownFileType = text.plist.xml; path = Info.plist; sourceTree = "<group>"; };
		21E981881B45128E00A6D882 /* main.m */ = {isa = PBXFileReference; lastKnownFileType = sourcecode.c.objc; path = main.m; sourceTree = "<group>"; };
		21E9818A1B45128E00A6D882 /* AppDelegate.h */ = {isa = PBXFileReference; lastKnownFileType = sourcecode.c.h; path = AppDelegate.h; sourceTree = "<group>"; };
		21E9818B1B45128E00A6D882 /* AppDelegate.m */ = {isa = PBXFileReference; lastKnownFileType = sourcecode.c.objc; path = AppDelegate.m; sourceTree = "<group>"; };
		21E9818D1B45128E00A6D882 /* ViewController.h */ = {isa = PBXFileReference; lastKnownFileType = sourcecode.c.h; path = ViewController.h; sourceTree = "<group>"; };
		21E9818E1B45128E00A6D882 /* ViewController.m */ = {isa = PBXFileReference; lastKnownFileType = sourcecode.c.objc; path = ViewController.m; sourceTree = "<group>"; };
		21E981911B45128E00A6D882 /* Base */ = {isa = PBXFileReference; lastKnownFileType = file.storyboard; name = Base; path = Base.lproj/Main.storyboard; sourceTree = "<group>"; };
		21E981931B45128E00A6D882 /* Images.xcassets */ = {isa = PBXFileReference; lastKnownFileType = folder.assetcatalog; path = Images.xcassets; sourceTree = "<group>"; };
		21E981961B45128E00A6D882 /* Base */ = {isa = PBXFileReference; lastKnownFileType = file.xib; name = Base; path = Base.lproj/LaunchScreen.xib; sourceTree = "<group>"; };
		21E9819C1B45128E00A6D882 /* RuntimeAttributesInterfaceBuilderDemoTests.xctest */ = {isa = PBXFileReference; explicitFileType = wrapper.cfbundle; includeInIndex = 0; path = RuntimeAttributesInterfaceBuilderDemoTests.xctest; sourceTree = BUILT_PRODUCTS_DIR; };
		21E981A11B45128E00A6D882 /* Info.plist */ = {isa = PBXFileReference; lastKnownFileType = text.plist.xml; path = Info.plist; sourceTree = "<group>"; };
		21E981A21B45128E00A6D882 /* RuntimeAttributesInterfaceBuilderDemoTests.m */ = {isa = PBXFileReference; lastKnownFileType = sourcecode.c.objc; path = RuntimeAttributesInterfaceBuilderDemoTests.m; sourceTree = "<group>"; };
		21E981AC1B4516AB00A6D882 /* CALayer+Additions.h */ = {isa = PBXFileReference; fileEncoding = 4; lastKnownFileType = sourcecode.c.h; path = "CALayer+Additions.h"; sourceTree = "<group>"; };
		21E981AD1B4516AB00A6D882 /* CALayer+Additions.m */ = {isa = PBXFileReference; fileEncoding = 4; lastKnownFileType = sourcecode.c.objc; path = "CALayer+Additions.m"; sourceTree = "<group>"; };
		21E981B21B45287B00A6D882 /* RunTimeCustomView.h */ = {isa = PBXFileReference; fileEncoding = 4; lastKnownFileType = sourcecode.c.h; path = RunTimeCustomView.h; sourceTree = "<group>"; };
		21E981B31B45287B00A6D882 /* RunTimeCustomView.m */ = {isa = PBXFileReference; fileEncoding = 4; lastKnownFileType = sourcecode.c.objc; path = RunTimeCustomView.m; sourceTree = "<group>"; };
/* End PBXFileReference section */

/* Begin PBXFrameworksBuildPhase section */
		21E981801B45128E00A6D882 /* Frameworks */ = {
			isa = PBXFrameworksBuildPhase;
			buildActionMask = 2147483647;
			files = (
			);
			runOnlyForDeploymentPostprocessing = 0;
		};
		21E981991B45128E00A6D882 /* Frameworks */ = {
			isa = PBXFrameworksBuildPhase;
			buildActionMask = 2147483647;
			files = (
			);
			runOnlyForDeploymentPostprocessing = 0;
		};
/* End PBXFrameworksBuildPhase section */

/* Begin PBXGroup section */
		21E9817A1B45128E00A6D882 = {
			isa = PBXGroup;
			children = (
				21E981851B45128E00A6D882 /* RuntimeAttributesInterfaceBuilderDemo */,
				21E9819F1B45128E00A6D882 /* RuntimeAttributesInterfaceBuilderDemoTests */,
				21E981841B45128E00A6D882 /* Products */,
			);
			sourceTree = "<group>";
		};
		21E981841B45128E00A6D882 /* Products */ = {
			isa = PBXGroup;
			children = (
				21E981831B45128E00A6D882 /* RuntimeAttributesInterfaceBuilderDemo.app */,
				21E9819C1B45128E00A6D882 /* RuntimeAttributesInterfaceBuilderDemoTests.xctest */,
			);
			name = Products;
			sourceTree = "<group>";
		};
		21E981851B45128E00A6D882 /* RuntimeAttributesInterfaceBuilderDemo */ = {
			isa = PBXGroup;
			children = (
				21E9818A1B45128E00A6D882 /* AppDelegate.h */,
				21E9818B1B45128E00A6D882 /* AppDelegate.m */,
				21E9818D1B45128E00A6D882 /* ViewController.h */,
				21E9818E1B45128E00A6D882 /* ViewController.m */,
				21E981AC1B4516AB00A6D882 /* CALayer+Additions.h */,
				21E981AD1B4516AB00A6D882 /* CALayer+Additions.m */,
				21E981901B45128E00A6D882 /* Main.storyboard */,
				21E981931B45128E00A6D882 /* Images.xcassets */,
				21E981951B45128E00A6D882 /* LaunchScreen.xib */,
				21E981861B45128E00A6D882 /* Supporting Files */,
				21E981B21B45287B00A6D882 /* RunTimeCustomView.h */,
				21E981B31B45287B00A6D882 /* RunTimeCustomView.m */,
			);
			path = RuntimeAttributesInterfaceBuilderDemo;
			sourceTree = "<group>";
		};
		21E981861B45128E00A6D882 /* Supporting Files */ = {
			isa = PBXGroup;
			children = (
				21E981871B45128E00A6D882 /* Info.plist */,
				21E981881B45128E00A6D882 /* main.m */,
			);
			name = "Supporting Files";
			sourceTree = "<group>";
		};
		21E9819F1B45128E00A6D882 /* RuntimeAttributesInterfaceBuilderDemoTests */ = {
			isa = PBXGroup;
			children = (
				21E981A21B45128E00A6D882 /* RuntimeAttributesInterfaceBuilderDemoTests.m */,
				21E981A01B45128E00A6D882 /* Supporting Files */,
			);
			path = RuntimeAttributesInterfaceBuilderDemoTests;
			sourceTree = "<group>";
		};
		21E981A01B45128E00A6D882 /* Supporting Files */ = {
			isa = PBXGroup;
			children = (
				21E981A11B45128E00A6D882 /* Info.plist */,
			);
			name = "Supporting Files";
			sourceTree = "<group>";
		};
/* End PBXGroup section */

/* Begin PBXNativeTarget section */
		21E981821B45128E00A6D882 /* RuntimeAttributesInterfaceBuilderDemo */ = {
			isa = PBXNativeTarget;
			buildConfigurationList = 21E981A61B45128E00A6D882 /* Build configuration list for PBXNativeTarget "RuntimeAttributesInterfaceBuilderDemo" */;
			buildPhases = (
				21E9817F1B45128E00A6D882 /* Sources */,
				21E981801B45128E00A6D882 /* Frameworks */,
				21E981811B45128E00A6D882 /* Resources */,
			);
			buildRules = (
			);
			dependencies = (
			);
			name = RuntimeAttributesInterfaceBuilderDemo;
			productName = RuntimeAttributesInterfaceBuilderDemo;
			productReference = 21E981831B45128E00A6D882 /* RuntimeAttributesInterfaceBuilderDemo.app */;
			productType = "com.apple.product-type.application";
		};
		21E9819B1B45128E00A6D882 /* RuntimeAttributesInterfaceBuilderDemoTests */ = {
			isa = PBXNativeTarget;
			buildConfigurationList = 21E981A91B45128E00A6D882 /* Build configuration list for PBXNativeTarget "RuntimeAttributesInterfaceBuilderDemoTests" */;
			buildPhases = (
				21E981981B45128E00A6D882 /* Sources */,
				21E981991B45128E00A6D882 /* Frameworks */,
				21E9819A1B45128E00A6D882 /* Resources */,
			);
			buildRules = (
			);
			dependencies = (
				21E9819E1B45128E00A6D882 /* PBXTargetDependency */,
			);
			name = RuntimeAttributesInterfaceBuilderDemoTests;
			productName = RuntimeAttributesInterfaceBuilderDemoTests;
			productReference = 21E9819C1B45128E00A6D882 /* RuntimeAttributesInterfaceBuilderDemoTests.xctest */;
			productType = "com.apple.product-type.bundle.unit-test";
		};
/* End PBXNativeTarget section */

/* Begin PBXProject section */
		21E9817B1B45128E00A6D882 /* Project object */ = {
			isa = PBXProject;
			attributes = {
				LastUpgradeCheck = 0640;
				ORGANIZATIONNAME = "华晓春";
				TargetAttributes = {
					21E981821B45128E00A6D882 = {
						CreatedOnToolsVersion = 6.4;
					};
					21E9819B1B45128E00A6D882 = {
						CreatedOnToolsVersion = 6.4;
						TestTargetID = 21E981821B45128E00A6D882;
					};
				};
			};
			buildConfigurationList = 21E9817E1B45128E00A6D882 /* Build configuration list for PBXProject "RuntimeAttributesInterfaceBuilderDemo" */;
			compatibilityVersion = "Xcode 3.2";
			developmentRegion = English;
			hasScannedForEncodings = 0;
			knownRegions = (
				en,
				Base,
			);
			mainGroup = 21E9817A1B45128E00A6D882;
			productRefGroup = 21E981841B45128E00A6D882 /* Products */;
			projectDirPath = "";
			projectRoot = "";
			targets = (
				21E981821B45128E00A6D882 /* RuntimeAttributesInterfaceBuilderDemo */,
				21E9819B1B45128E00A6D882 /* RuntimeAttributesInterfaceBuilderDemoTests */,
			);
		};
/* End PBXProject section */

/* Begin PBXResourcesBuildPhase section */
		21E981811B45128E00A6D882 /* Resources */ = {
			isa = PBXResourcesBuildPhase;
			buildActionMask = 2147483647;
			files = (
				21E981921B45128E00A6D882 /* Main.storyboard in Resources */,
				21E981971B45128E00A6D882 /* LaunchScreen.xib in Resources */,
				21E981941B45128E00A6D882 /* Images.xcassets in Resources */,
			);
			runOnlyForDeploymentPostprocessing = 0;
		};
		21E9819A1B45128E00A6D882 /* Resources */ = {
			isa = PBXResourcesBuildPhase;
			buildActionMask = 2147483647;
			files = (
			);
			runOnlyForDeploymentPostprocessing = 0;
		};
/* End PBXResourcesBuildPhase section */

/* Begin PBXSourcesBuildPhase section */
		21E9817F1B45128E00A6D882 /* Sources */ = {
			isa = PBXSourcesBuildPhase;
			buildActionMask = 2147483647;
			files = (
				21E9818F1B45128E00A6D882 /* ViewController.m in Sources */,
				21E981AE1B4516AB00A6D882 /* CALayer+Additions.m in Sources */,
				21E9818C1B45128E00A6D882 /* AppDelegate.m in Sources */,
				21E981B41B45287B00A6D882 /* RunTimeCustomView.m in Sources */,
				21E981891B45128E00A6D882 /* main.m in Sources */,
			);
			runOnlyForDeploymentPostprocessing = 0;
		};
		21E981981B45128E00A6D882 /* Sources */ = {
			isa = PBXSourcesBuildPhase;
			buildActionMask = 2147483647;
			files = (
				21E981A31B45128E00A6D882 /* RuntimeAttributesInterfaceBuilderDemoTests.m in Sources */,
			);
			runOnlyForDeploymentPostprocessing = 0;
		};
/* End PBXSourcesBuildPhase section */

/* Begin PBXTargetDependency section */
		21E9819E1B45128E00A6D882 /* PBXTargetDependency */ = {
			isa = PBXTargetDependency;
			target = 21E981821B45128E00A6D882 /* RuntimeAttributesInterfaceBuilderDemo */;
			targetProxy = 21E9819D1B45128E00A6D882 /* PBXContainerItemProxy */;
		};
/* End PBXTargetDependency section */

/* Begin PBXVariantGroup section */
		21E981901B45128E00A6D882 /* Main.storyboard */ = {
			isa = PBXVariantGroup;
			children = (
				21E981911B45128E00A6D882 /* Base */,
			);
			name = Main.storyboard;
			sourceTree = "<group>";
		};
		21E981951B45128E00A6D882 /* LaunchScreen.xib */ = {
			isa = PBXVariantGroup;
			children = (
				21E981961B45128E00A6D882 /* Base */,
			);
			name = LaunchScreen.xib;
			sourceTree = "<group>";
		};
/* End PBXVariantGroup section */

/* Begin XCBuildConfiguration section */
		21E981A41B45128E00A6D882 /* Debug */ = {
			isa = XCBuildConfiguration;
			buildSettings = {
				ALWAYS_SEARCH_USER_PATHS = NO;
				CLANG_CXX_LANGUAGE_STANDARD = "gnu++0x";
				CLANG_CXX_LIBRARY = "libc++";
				CLANG_ENABLE_MODULES = YES;
				CLANG_ENABLE_OBJC_ARC = YES;
				CLANG_WARN_BOOL_CONVERSION = YES;
				CLANG_WARN_CONSTANT_CONVERSION = YES;
				CLANG_WARN_DIRECT_OBJC_ISA_USAGE = YES_ERROR;
				CLANG_WARN_EMPTY_BODY = YES;
				CLANG_WARN_ENUM_CONVERSION = YES;
				CLANG_WARN_INT_CONVERSION = YES;
				CLANG_WARN_OBJC_ROOT_CLASS = YES_ERROR;
				CLANG_WARN_UNREACHABLE_CODE = YES;
				CLANG_WARN__DUPLICATE_METHOD_MATCH = YES;
				"CODE_SIGN_IDENTITY[sdk=iphoneos*]" = "iPhone Developer";
				COPY_PHASE_STRIP = NO;
				DEBUG_INFORMATION_FORMAT = "dwarf-with-dsym";
				ENABLE_STRICT_OBJC_MSGSEND = YES;
				GCC_C_LANGUAGE_STANDARD = gnu99;
				GCC_DYNAMIC_NO_PIC = NO;
				GCC_NO_COMMON_BLOCKS = YES;
				GCC_OPTIMIZATION_LEVEL = 0;
				GCC_PREPROCESSOR_DEFINITIONS = (
					"DEBUG=1",
					"$(inherited)",
				);
				GCC_SYMBOLS_PRIVATE_EXTERN = NO;
				GCC_WARN_64_TO_32_BIT_CONVERSION = YES;
				GCC_WARN_ABOUT_RETURN_TYPE = YES_ERROR;
				GCC_WARN_UNDECLARED_SELECTOR = YES;
				GCC_WARN_UNINITIALIZED_AUTOS = YES_AGGRESSIVE;
				GCC_WARN_UNUSED_FUNCTION = YES;
				GCC_WARN_UNUSED_VARIABLE = YES;
				IPHONEOS_DEPLOYMENT_TARGET = 8.4;
				MTL_ENABLE_DEBUG_INFO = YES;
				ONLY_ACTIVE_ARCH = YES;
				SDKROOT = iphoneos;
			};
			name = Debug;
		};
		21E981A51B45128E00A6D882 /* Release */ = {
			isa = XCBuildConfiguration;
			buildSettings = {
				ALWAYS_SEARCH_USER_PATHS = NO;
				CLANG_CXX_LANGUAGE_STANDARD = "gnu++0x";
				CLANG_CXX_LIBRARY = "libc++";
				CLANG_ENABLE_MODULES = YES;
				CLANG_ENABLE_OBJC_ARC = YES;
				CLANG_WARN_BOOL_CONVERSION = YES;
				CLANG_WARN_CONSTANT_CONVERSION = YES;
				CLANG_WARN_DIRECT_OBJC_ISA_USAGE = YES_ERROR;
				CLANG_WARN_EMPTY_BODY = YES;
				CLANG_WARN_ENUM_CONVERSION = YES;
				CLANG_WARN_INT_CONVERSION = YES;
				CLANG_WARN_OBJC_ROOT_CLASS = YES_ERROR;
				CLANG_WARN_UNREACHABLE_CODE = YES;
				CLANG_WARN__DUPLICATE_METHOD_MATCH = YES;
				"CODE_SIGN_IDENTITY[sdk=iphoneos*]" = "iPhone Developer";
				COPY_PHASE_STRIP = NO;
				DEBUG_INFORMATION_FORMAT = "dwarf-with-dsym";
				ENABLE_NS_ASSERTIONS = NO;
				ENABLE_STRICT_OBJC_MSGSEND = YES;
				GCC_C_LANGUAGE_STANDARD = gnu99;
				GCC_NO_COMMON_BLOCKS = YES;
				GCC_WARN_64_TO_32_BIT_CONVERSION = YES;
				GCC_WARN_ABOUT_RETURN_TYPE = YES_ERROR;
				GCC_WARN_UNDECLARED_SELECTOR = YES;
				GCC_WARN_UNINITIALIZED_AUTOS = YES_AGGRESSIVE;
				GCC_WARN_UNUSED_FUNCTION = YES;
				GCC_WARN_UNUSED_VARIABLE = YES;
				IPHONEOS_DEPLOYMENT_TARGET = 8.4;
				MTL_ENABLE_DEBUG_INFO = NO;
				SDKROOT = iphoneos;
				VALIDATE_PRODUCT = YES;
			};
			name = Release;
		};
		21E981A71B45128E00A6D882 /* Debug */ = {
			isa = XCBuildConfiguration;
			buildSettings = {
				ASSETCATALOG_COMPILER_APPICON_NAME = AppIcon;
				INFOPLIST_FILE = RuntimeAttributesInterfaceBuilderDemo/Info.plist;
				LD_RUNPATH_SEARCH_PATHS = "$(inherited) @executable_path/Frameworks";
				PRODUCT_NAME = "$(TARGET_NAME)";
			};
			name = Debug;
		};
		21E981A81B45128E00A6D882 /* Release */ = {
			isa = XCBuildConfiguration;
			buildSettings = {
				ASSETCATALOG_COMPILER_APPICON_NAME = AppIcon;
				INFOPLIST_FILE = RuntimeAttributesInterfaceBuilderDemo/Info.plist;
				LD_RUNPATH_SEARCH_PATHS = "$(inherited) @executable_path/Frameworks";
				PRODUCT_NAME = "$(TARGET_NAME)";
			};
			name = Release;
		};
		21E981AA1B45128E00A6D882 /* Debug */ = {
			isa = XCBuildConfiguration;
			buildSettings = {
				BUNDLE_LOADER = "$(TEST_HOST)";
				FRAMEWORK_SEARCH_PATHS = (
					"$(SDKROOT)/Developer/Library/Frameworks",
					"$(inherited)",
				);
				GCC_PREPROCESSOR_DEFINITIONS = (
					"DEBUG=1",
					"$(inherited)",
				);
				INFOPLIST_FILE = RuntimeAttributesInterfaceBuilderDemoTests/Info.plist;
				LD_RUNPATH_SEARCH_PATHS = "$(inherited) @executable_path/Frameworks @loader_path/Frameworks";
				PRODUCT_NAME = "$(TARGET_NAME)";
				TEST_HOST = "$(BUILT_PRODUCTS_DIR)/RuntimeAttributesInterfaceBuilderDemo.app/RuntimeAttributesInterfaceBuilderDemo";
			};
			name = Debug;
		};
		21E981AB1B45128E00A6D882 /* Release */ = {
			isa = XCBuildConfiguration;
			buildSettings = {
				BUNDLE_LOADER = "$(TEST_HOST)";
				FRAMEWORK_SEARCH_PATHS = (
					"$(SDKROOT)/Developer/Library/Frameworks",
					"$(inherited)",
				);
				INFOPLIST_FILE = RuntimeAttributesInterfaceBuilderDemoTests/Info.plist;
				LD_RUNPATH_SEARCH_PATHS = "$(inherited) @executable_path/Frameworks @loader_path/Frameworks";
				PRODUCT_NAME = "$(TARGET_NAME)";
				TEST_HOST = "$(BUILT_PRODUCTS_DIR)/RuntimeAttributesInterfaceBuilderDemo.app/RuntimeAttributesInterfaceBuilderDemo";
			};
			name = Release;
		};
/* End XCBuildConfiguration section */

/* Begin XCConfigurationList section */
		21E9817E1B45128E00A6D882 /* Build configuration list for PBXProject "RuntimeAttributesInterfaceBuilderDemo" */ = {
			isa = XCConfigurationList;
			buildConfigurations = (
				21E981A41B45128E00A6D882 /* Debug */,
				21E981A51B45128E00A6D882 /* Release */,
			);
			defaultConfigurationIsVisible = 0;
			defaultConfigurationName = Release;
		};
		21E981A61B45128E00A6D882 /* Build configuration list for PBXNativeTarget "RuntimeAttributesInterfaceBuilderDemo" */ = {
			isa = XCConfigurationList;
			buildConfigurations = (
				21E981A71B45128E00A6D882 /* Debug */,
				21E981A81B45128E00A6D882 /* Release */,
			);
			defaultConfigurationIsVisible = 0;
		};
		21E981A91B45128E00A6D882 /* Build configuration list for PBXNativeTarget "RuntimeAttributesInterfaceBuilderDemoTests" */ = {
			isa = XCConfigurationList;
			buildConfigurations = (
				21E981AA1B45128E00A6D882 /* Debug */,
				21E981AB1B45128E00A6D882 /* Release */,
			);
			defaultConfigurationIsVisible = 0;
		};
/* End XCConfigurationList section */
	};
	rootObject = 21E9817B1B45128E00A6D882 /* Project object */;
}
